{
  "name": "@ahd/client",
  "version": "1.0.0",
  "lockfileVersion": 3,
  "requires": true,
  "packages": {
    "": {
      "name": "@ahd/client",
      "version": "1.0.0",
      "devDependencies": {
        "msw": "^2.12.3"
      }
    },
    "../node_modules/.pnpm/msw@2.12.3_@types+node@24.10.1_typescript@5.6.3/node_modules/msw": {
      "version": "2.12.3",
      "dev": true,
      "hasInstallScript": true,
      "license": "MIT",
      "dependencies": {
        "@inquirer/confirm": "^5.0.0",
        "@mswjs/interceptors": "^0.40.0",
        "@open-draft/deferred-promise": "^2.2.0",
        "@types/statuses": "^2.0.6",
        "cookie": "^1.0.2",
        "graphql": "^16.12.0",
        "headers-polyfill": "^4.0.2",
        "is-node-process": "^1.2.0",
        "outvariant": "^1.4.3",
        "path-to-regexp": "^6.3.0",
        "picocolors": "^1.1.1",
        "rettime": "^0.7.0",
        "statuses": "^2.0.2",
        "strict-event-emitter": "^0.5.1",
        "tough-cookie": "^6.0.0",
        "type-fest": "^5.2.0",
        "until-async": "^3.0.2",
        "yargs": "^17.7.2"
      },
      "bin": {
        "msw": "cli/index.js"
      },
      "devDependencies": {
        "@commitlint/cli": "^20.1.0",
        "@commitlint/config-conventional": "^20.0.0",
        "@epic-web/test-server": "^0.1.6",
        "@eslint/eslintrc": "^3.3.1",
        "@eslint/js": "^9.39.1",
        "@fastify/websocket": "^11.2.0",
        "@graphql-typed-document-node/core": "^3.2.0",
        "@open-draft/test-server": "^0.4.2",
        "@ossjs/release": "^0.10.0",
        "@playwright/test": "^1.50.1",
        "@types/express": "^5.0.5",
        "@types/json-bigint": "^1.0.4",
        "@types/node": "~20.19.25",
        "@types/serviceworker": "^0.0.167",
        "@typescript-eslint/eslint-plugin": "^8.47.0",
        "@typescript-eslint/parser": "^8.47.0",
        "@web/dev-server": "^0.4.6",
        "axios": "^1.13.2",
        "babel-minify": "^0.5.1",
        "commitizen": "^4.3.1",
        "cross-env": "^10.1.0",
        "cross-fetch": "^4.1.0",
        "cz-conventional-changelog": "3.3.0",
        "esbuild": "^0.27.0",
        "esbuild-loader": "^4.4.0",
        "eslint": "^9.39.1",
        "eslint-config-prettier": "^10.1.8",
        "eslint-plugin-prettier": "^5.5.4",
        "express": "^5.1.0",
        "fastify": "^5.6.2",
        "fs-teardown": "^0.3.0",
        "glob": "^13.0.0",
        "jsdom": "^25.0.1",
        "json-bigint": "^1.0.0",
        "knip": "^5.70.1",
        "lint-staged": "^15.2.10",
        "msw": "2.12.3",
        "page-with": "^0.6.1",
        "prettier": "^3.6.2",
        "publint": "^0.3.15",
        "regenerator-runtime": "^0.14.1",
        "rimraf": "^6.1.2",
        "simple-git-hooks": "^2.13.1",
        "tsup": "^8.5.1",
        "typescript": "^5.9.3",
        "typescript-eslint": "^8.47.0",
        "undici": "^7.16.0",
        "url-loader": "^4.1.1",
        "vitest": "^4.0.13",
        "vitest-environment-miniflare": "^2.14.4",
        "webpack": "^5.95.0",
        "webpack-http-server": "^0.5.0"
      },
      "engines": {
        "node": ">=18"
      },
      "funding": {
        "url": "https://github.com/sponsors/mswjs"
      },
      "peerDependencies": {
        "typescript": ">= 4.8.x"
      },
      "peerDependenciesMeta": {
        "typescript": {
          "optional": true
        }
      }
    },
    "node_modules/msw": {
      "resolved": "../node_modules/.pnpm/msw@2.12.3_@types+node@24.10.1_typescript@5.6.3/node_modules/msw",
      "link": true
    }
  }
}
